
Microsoft Visual Studio Solution File, Format Version 12.00
# Visual Studio Version 17
VisualStudioVersion = 17.13.35913.81 d17.13
MinimumVisualStudioVersion = 10.0.40219.1
Project("{FAE04EC0-301F-11D3-BF4B-00C04F79EFBC}") = "X_O Game Project", "X_O Game Project.csproj", "{F3303561-3BD1-4F69-B763-3C7EB886DE3D}"
EndProject
Global
	GlobalSection(SolutionConfigurationPlatforms) = preSolution
		Debug|Any CPU = Debug|Any CPU
		Release|Any CPU = Release|Any CPU
	EndGlobalSection
	GlobalSection(ProjectConfigurationPlatforms) = postSolution
		{F3303561-3BD1-4F69-B763-3C7EB886DE3D}.Debug|Any CPU.ActiveCfg = Debug|Any CPU
		{F3303561-3BD1-4F69-B763-3C7EB886DE3D}.Debug|Any CPU.Build.0 = Debug|Any CPU
		{F3303561-3BD1-4F69-B763-3C7EB886DE3D}.Release|Any CPU.ActiveCfg = Release|Any CPU
		{F3303561-3BD1-4F69-B763-3C7EB886DE3D}.Release|Any CPU.Build.0 = Release|Any CPU
	EndGlobalSection
	GlobalSection(SolutionProperties) = preSolution
		HideSolutionNode = FALSE
	EndGlobalSection
	GlobalSection(ExtensibilityGlobals) = postSolution
		SolutionGuid = {6B3B1C6C-94B5-46F2-9052-CF69C7A1BEBF}
	EndGlobalSection
EndGlobal
